
Microsoft Visual Studio Solution File, Format Version 12.00
# Visual Studio 15
VisualStudioVersion = 15.0.28010.0
MinimumVisualStudioVersion = 10.0.40219.1
Project("{9A19103F-16F7-4668-BE54-9A1E7A4F7556}") = "ConsoleAppTest", "ConsoleAppTest\ConsoleAppTest.csproj", "{F81997FE-F781-4541-9FD1-3A2F5DDD3BD0}"
EndProject
Project("{FAE04EC0-301F-11D3-BF4B-00C04F79EFBC}") = "Test", "Test\Test.csproj", "{2F9B0AA4-01D4-4F3F-A1FC-EBC096235F20}"
EndProject
Global
	GlobalSection(SolutionConfigurationPlatforms) = preSolution
		Debug|Any CPU = Debug|Any CPU
		Release|Any CPU = Release|Any CPU
	EndGlobalSection
	GlobalSection(ProjectConfigurationPlatforms) = postSolution
		{F81997FE-F781-4541-9FD1-3A2F5DDD3BD0}.Debug|Any CPU.ActiveCfg = Debug|Any CPU
		{F81997FE-F781-4541-9FD1-3A2F5DDD3BD0}.Debug|Any CPU.Build.0 = Debug|Any CPU
		{F81997FE-F781-4541-9FD1-3A2F5DDD3BD0}.Release|Any CPU.ActiveCfg = Release|Any CPU
		{F81997FE-F781-4541-9FD1-3A2F5DDD3BD0}.Release|Any CPU.Build.0 = Release|Any CPU
		{2F9B0AA4-01D4-4F3F-A1FC-EBC096235F20}.Debug|Any CPU.ActiveCfg = Debug|Any CPU
		{2F9B0AA4-01D4-4F3F-A1FC-EBC096235F20}.Debug|Any CPU.Build.0 = Debug|Any CPU
		{2F9B0AA4-01D4-4F3F-A1FC-EBC096235F20}.Release|Any CPU.ActiveCfg = Release|Any CPU
		{2F9B0AA4-01D4-4F3F-A1FC-EBC096235F20}.Release|Any CPU.Build.0 = Release|Any CPU
	EndGlobalSection
	GlobalSection(SolutionProperties) = preSolution
		HideSolutionNode = FALSE
	EndGlobalSection
	GlobalSection(ExtensibilityGlobals) = postSolution
		SolutionGuid = {C5A104A6-0E2C-435F-AE48-2B48D86D8B77}
	EndGlobalSection
EndGlobal
